
Microsoft Visual Studio Solution File, Format Version 12.00
# Visual Studio 14
VisualStudioVersion = 14.0.25420.1
MinimumVisualStudioVersion = 10.0.40219.1
Project("{FAE04EC0-301F-11D3-BF4B-00C04F79EFBC}") = "UDPTest", "UDPTest\UDPTest.csproj", "{BE0059F4-06A9-413B-A386-CB82B3E97569}"
EndProject
Project("{FAE04EC0-301F-11D3-BF4B-00C04F79EFBC}") = "UDPServer", "UDPServer\UDPServer.csproj", "{1A3FE158-526C-4CA0-AEE0-0F5522568EEA}"
EndProject
Project("{FAE04EC0-301F-11D3-BF4B-00C04F79EFBC}") = "UDPClient", "UDPClient\UDPClient.csproj", "{B9DA7CF4-6E6F-47D9-A934-AEF2776081B7}"
EndProject
Global
	GlobalSection(SolutionConfigurationPlatforms) = preSolution
		Debug|Any CPU = Debug|Any CPU
		Release|Any CPU = Release|Any CPU
	EndGlobalSection
	GlobalSection(ProjectConfigurationPlatforms) = postSolution
		{BE0059F4-06A9-413B-A386-CB82B3E97569}.Debug|Any CPU.ActiveCfg = Debug|Any CPU
		{BE0059F4-06A9-413B-A386-CB82B3E97569}.Debug|Any CPU.Build.0 = Debug|Any CPU
		{BE0059F4-06A9-413B-A386-CB82B3E97569}.Release|Any CPU.ActiveCfg = Release|Any CPU
		{BE0059F4-06A9-413B-A386-CB82B3E97569}.Release|Any CPU.Build.0 = Release|Any CPU
		{1A3FE158-526C-4CA0-AEE0-0F5522568EEA}.Debug|Any CPU.ActiveCfg = Debug|Any CPU
		{1A3FE158-526C-4CA0-AEE0-0F5522568EEA}.Debug|Any CPU.Build.0 = Debug|Any CPU
		{1A3FE158-526C-4CA0-AEE0-0F5522568EEA}.Release|Any CPU.ActiveCfg = Release|Any CPU
		{1A3FE158-526C-4CA0-AEE0-0F5522568EEA}.Release|Any CPU.Build.0 = Release|Any CPU
		{B9DA7CF4-6E6F-47D9-A934-AEF2776081B7}.Debug|Any CPU.ActiveCfg = Debug|Any CPU
		{B9DA7CF4-6E6F-47D9-A934-AEF2776081B7}.Debug|Any CPU.Build.0 = Debug|Any CPU
		{B9DA7CF4-6E6F-47D9-A934-AEF2776081B7}.Release|Any CPU.ActiveCfg = Release|Any CPU
		{B9DA7CF4-6E6F-47D9-A934-AEF2776081B7}.Release|Any CPU.Build.0 = Release|Any CPU
	EndGlobalSection
	GlobalSection(SolutionProperties) = preSolution
		HideSolutionNode = FALSE
	EndGlobalSection
EndGlobal
